{
  "nodes": {
    "nixpkgs": {
      "locked": {
        "dir": "nixpkgs",
        "dirtyRev": "14ab8939d5d7f29ad55c719b02c2611e83e5d471-dirty",
        "dirtyShortRev": "14ab893-dirty",
        "lastModified": 1733542165,
        "narHash": "sha256-UougIvtzmkCrh/WCMGh6PzT0BIpndD+uGCcjsoa2dDA=",
        "submodules": true,
        "type": "git",
        "url": "file:./."
      },
      "original": {
        "dir": "nixpkgs",
        "submodules": true,
        "type": "git",
        "url": "file:./."
      }
    },
    "root": {
      "inputs": {
        "nixpkgs": "nixpkgs"
      }
    }
  },
  "root": "root",
  "version": 7
}
